
Microsoft Visual Studio Solution File, Format Version 12.00
Project("{FAE04EC0-301F-11D3-BF4B-00C04F79EFBC}") = "LectureOne", "LectureOne\LectureOne.csproj", "{988FE31C-B6F5-46F8-8AB0-55BD5A12694A}"
EndProject
Project("{FAE04EC0-301F-11D3-BF4B-00C04F79EFBC}") = "LectureTwo", "LectureTwo\LectureTwo.csproj", "{BFB5349F-2895-4CCE-BCA3-AE99A054CA76}"
EndProject
Project("{FAE04EC0-301F-11D3-BF4B-00C04F79EFBC}") = "LectureThree", "LectureThree\LectureThree.csproj", "{97083FA4-B242-4207-B037-638739C3A3D3}"
EndProject
Project("{FAE04EC0-301F-11D3-BF4B-00C04F79EFBC}") = "LectureFour", "LectureFour\LectureFour.csproj", "{8426B361-52FA-483A-9417-0913EE0A1B23}"
EndProject
Project("{FAE04EC0-301F-11D3-BF4B-00C04F79EFBC}") = "LectureFive", "LectureFive\LectureFive.csproj", "{6FF5E2DB-B427-45E4-9D15-CE23014C8532}"
EndProject
Project("{FAE04EC0-301F-11D3-BF4B-00C04F79EFBC}") = "LectureSix", "LectureSix\LectureSix.csproj", "{EB5C6E02-DFD7-4351-9F4F-F35D2DEA6223}"
EndProject
Project("{FAE04EC0-301F-11D3-BF4B-00C04F79EFBC}") = "LectureSeven", "LectureSeven\LectureSeven.csproj", "{EC50463F-9EAC-40FD-B567-07C28C45B205}"
EndProject
Project("{FAE04EC0-301F-11D3-BF4B-00C04F79EFBC}") = "LectureEight", "LectureEight\LectureEight.csproj", "{59A0B925-B20D-42B0-8C7C-D39DCC561219}"
EndProject
Project("{FAE04EC0-301F-11D3-BF4B-00C04F79EFBC}") = "LectureNine", "LectureNine\LectureNine.csproj", "{6DB1CDF7-1AAD-4D20-8BE5-01F5ED7E11B7}"
EndProject
Project("{FAE04EC0-301F-11D3-BF4B-00C04F79EFBC}") = "LectureTen", "LectureTen\LectureTen.csproj", "{D9486ACE-39BF-4F01-A0ED-B0AB96739490}"
EndProject
Project("{FAE04EC0-301F-11D3-BF4B-00C04F79EFBC}") = "LectureEleven", "LectureEleven\LectureEleven.csproj", "{8F000207-175E-4197-ADB1-5BBFEC15E3DD}"
EndProject
Project("{FAE04EC0-301F-11D3-BF4B-00C04F79EFBC}") = "LectureTwelve", "LectureTwelve\LectureTwelve.csproj", "{5B8D7683-7C2C-4247-BFA3-4502A6EB1ADA}"
EndProject
Project("{FAE04EC0-301F-11D3-BF4B-00C04F79EFBC}") = "LectureThirteen", "LectureThirteen\LectureThirteen.csproj", "{B9E36976-CCD4-4070-9954-05FFCB1AA0B3}"
EndProject
Project("{FAE04EC0-301F-11D3-BF4B-00C04F79EFBC}") = "LectureFourteen", "LectureFourteen\LectureFourteen.csproj", "{F7448E0D-6E15-460A-834C-02707DE646B3}"
EndProject
Global
	GlobalSection(SolutionConfigurationPlatforms) = preSolution
		Debug|Any CPU = Debug|Any CPU
		Release|Any CPU = Release|Any CPU
	EndGlobalSection
	GlobalSection(ProjectConfigurationPlatforms) = postSolution
		{988FE31C-B6F5-46F8-8AB0-55BD5A12694A}.Debug|Any CPU.ActiveCfg = Debug|Any CPU
		{988FE31C-B6F5-46F8-8AB0-55BD5A12694A}.Debug|Any CPU.Build.0 = Debug|Any CPU
		{988FE31C-B6F5-46F8-8AB0-55BD5A12694A}.Release|Any CPU.ActiveCfg = Release|Any CPU
		{988FE31C-B6F5-46F8-8AB0-55BD5A12694A}.Release|Any CPU.Build.0 = Release|Any CPU
		{BFB5349F-2895-4CCE-BCA3-AE99A054CA76}.Debug|Any CPU.ActiveCfg = Debug|Any CPU
		{BFB5349F-2895-4CCE-BCA3-AE99A054CA76}.Debug|Any CPU.Build.0 = Debug|Any CPU
		{BFB5349F-2895-4CCE-BCA3-AE99A054CA76}.Release|Any CPU.ActiveCfg = Release|Any CPU
		{BFB5349F-2895-4CCE-BCA3-AE99A054CA76}.Release|Any CPU.Build.0 = Release|Any CPU
		{97083FA4-B242-4207-B037-638739C3A3D3}.Debug|Any CPU.ActiveCfg = Debug|Any CPU
		{97083FA4-B242-4207-B037-638739C3A3D3}.Debug|Any CPU.Build.0 = Debug|Any CPU
		{97083FA4-B242-4207-B037-638739C3A3D3}.Release|Any CPU.ActiveCfg = Release|Any CPU
		{97083FA4-B242-4207-B037-638739C3A3D3}.Release|Any CPU.Build.0 = Release|Any CPU
		{8426B361-52FA-483A-9417-0913EE0A1B23}.Debug|Any CPU.ActiveCfg = Debug|Any CPU
		{8426B361-52FA-483A-9417-0913EE0A1B23}.Debug|Any CPU.Build.0 = Debug|Any CPU
		{8426B361-52FA-483A-9417-0913EE0A1B23}.Release|Any CPU.ActiveCfg = Release|Any CPU
		{8426B361-52FA-483A-9417-0913EE0A1B23}.Release|Any CPU.Build.0 = Release|Any CPU
		{6FF5E2DB-B427-45E4-9D15-CE23014C8532}.Debug|Any CPU.ActiveCfg = Debug|Any CPU
		{6FF5E2DB-B427-45E4-9D15-CE23014C8532}.Debug|Any CPU.Build.0 = Debug|Any CPU
		{6FF5E2DB-B427-45E4-9D15-CE23014C8532}.Release|Any CPU.ActiveCfg = Release|Any CPU
		{6FF5E2DB-B427-45E4-9D15-CE23014C8532}.Release|Any CPU.Build.0 = Release|Any CPU
		{EB5C6E02-DFD7-4351-9F4F-F35D2DEA6223}.Debug|Any CPU.ActiveCfg = Debug|Any CPU
		{EB5C6E02-DFD7-4351-9F4F-F35D2DEA6223}.Debug|Any CPU.Build.0 = Debug|Any CPU
		{EB5C6E02-DFD7-4351-9F4F-F35D2DEA6223}.Release|Any CPU.ActiveCfg = Release|Any CPU
		{EB5C6E02-DFD7-4351-9F4F-F35D2DEA6223}.Release|Any CPU.Build.0 = Release|Any CPU
		{EC50463F-9EAC-40FD-B567-07C28C45B205}.Debug|Any CPU.ActiveCfg = Debug|Any CPU
		{EC50463F-9EAC-40FD-B567-07C28C45B205}.Debug|Any CPU.Build.0 = Debug|Any CPU
		{EC50463F-9EAC-40FD-B567-07C28C45B205}.Release|Any CPU.ActiveCfg = Release|Any CPU
		{EC50463F-9EAC-40FD-B567-07C28C45B205}.Release|Any CPU.Build.0 = Release|Any CPU
		{59A0B925-B20D-42B0-8C7C-D39DCC561219}.Debug|Any CPU.ActiveCfg = Debug|Any CPU
		{59A0B925-B20D-42B0-8C7C-D39DCC561219}.Debug|Any CPU.Build.0 = Debug|Any CPU
		{59A0B925-B20D-42B0-8C7C-D39DCC561219}.Release|Any CPU.ActiveCfg = Release|Any CPU
		{59A0B925-B20D-42B0-8C7C-D39DCC561219}.Release|Any CPU.Build.0 = Release|Any CPU
		{6DB1CDF7-1AAD-4D20-8BE5-01F5ED7E11B7}.Debug|Any CPU.ActiveCfg = Debug|Any CPU
		{6DB1CDF7-1AAD-4D20-8BE5-01F5ED7E11B7}.Debug|Any CPU.Build.0 = Debug|Any CPU
		{6DB1CDF7-1AAD-4D20-8BE5-01F5ED7E11B7}.Release|Any CPU.ActiveCfg = Release|Any CPU
		{6DB1CDF7-1AAD-4D20-8BE5-01F5ED7E11B7}.Release|Any CPU.Build.0 = Release|Any CPU
		{D9486ACE-39BF-4F01-A0ED-B0AB96739490}.Debug|Any CPU.ActiveCfg = Debug|Any CPU
		{D9486ACE-39BF-4F01-A0ED-B0AB96739490}.Debug|Any CPU.Build.0 = Debug|Any CPU
		{D9486ACE-39BF-4F01-A0ED-B0AB96739490}.Release|Any CPU.ActiveCfg = Release|Any CPU
		{D9486ACE-39BF-4F01-A0ED-B0AB96739490}.Release|Any CPU.Build.0 = Release|Any CPU
		{8F000207-175E-4197-ADB1-5BBFEC15E3DD}.Debug|Any CPU.ActiveCfg = Debug|Any CPU
		{8F000207-175E-4197-ADB1-5BBFEC15E3DD}.Debug|Any CPU.Build.0 = Debug|Any CPU
		{8F000207-175E-4197-ADB1-5BBFEC15E3DD}.Release|Any CPU.ActiveCfg = Release|Any CPU
		{8F000207-175E-4197-ADB1-5BBFEC15E3DD}.Release|Any CPU.Build.0 = Release|Any CPU
		{5B8D7683-7C2C-4247-BFA3-4502A6EB1ADA}.Debug|Any CPU.ActiveCfg = Debug|Any CPU
		{5B8D7683-7C2C-4247-BFA3-4502A6EB1ADA}.Debug|Any CPU.Build.0 = Debug|Any CPU
		{5B8D7683-7C2C-4247-BFA3-4502A6EB1ADA}.Release|Any CPU.ActiveCfg = Release|Any CPU
		{5B8D7683-7C2C-4247-BFA3-4502A6EB1ADA}.Release|Any CPU.Build.0 = Release|Any CPU
		{B9E36976-CCD4-4070-9954-05FFCB1AA0B3}.Debug|Any CPU.ActiveCfg = Debug|Any CPU
		{B9E36976-CCD4-4070-9954-05FFCB1AA0B3}.Debug|Any CPU.Build.0 = Debug|Any CPU
		{B9E36976-CCD4-4070-9954-05FFCB1AA0B3}.Release|Any CPU.ActiveCfg = Release|Any CPU
		{B9E36976-CCD4-4070-9954-05FFCB1AA0B3}.Release|Any CPU.Build.0 = Release|Any CPU
		{F7448E0D-6E15-460A-834C-02707DE646B3}.Debug|Any CPU.ActiveCfg = Debug|Any CPU
		{F7448E0D-6E15-460A-834C-02707DE646B3}.Debug|Any CPU.Build.0 = Debug|Any CPU
		{F7448E0D-6E15-460A-834C-02707DE646B3}.Release|Any CPU.ActiveCfg = Release|Any CPU
		{F7448E0D-6E15-460A-834C-02707DE646B3}.Release|Any CPU.Build.0 = Release|Any CPU
	EndGlobalSection
	GlobalSection(NestedProjects) = preSolution
	EndGlobalSection
EndGlobal
